
Microsoft Visual Studio Solution File, Format Version 12.00
# Visual Studio Version 16
VisualStudioVersion = 16.0.29306.81
MinimumVisualStudioVersion = 10.0.40219.1
Project("{2150E333-8FDC-42A3-9474-1A3956D46DE8}") = "创建型", "创建型", "{CF473D74-5F75-4CC1-B4A4-F2D1A7C73A88}"
EndProject
Project("{2150E333-8FDC-42A3-9474-1A3956D46DE8}") = "结构型", "结构型", "{8556AB62-B183-49CC-8A3A-B5C34402D137}"
EndProject
Project("{2150E333-8FDC-42A3-9474-1A3956D46DE8}") = "行为型", "行为型", "{B90CC680-2D08-4DDF-880E-5266B50C5102}"
EndProject
Project("{9A19103F-16F7-4668-BE54-9A1E7A4F7556}") = "测试项目", "测试项目\测试项目.csproj", "{B511283C-B34C-47AE-9145-0FC2F274B415}"
EndProject
Project("{9A19103F-16F7-4668-BE54-9A1E7A4F7556}") = "Factory_工厂模式", "创建型\Factory_工厂模式\Factory_工厂模式.csproj", "{E9F46A96-57AC-455E-9835-06EB6BCBED80}"
EndProject
Project("{9A19103F-16F7-4668-BE54-9A1E7A4F7556}") = "AbstractFactory_抽象工厂模式", "创建型\AbstractFactory_抽象工厂模式\AbstractFactory_抽象工厂模式.csproj", "{A033DC43-6BAE-458F-8A59-A94B42C68EC5}"
EndProject
Project("{9A19103F-16F7-4668-BE54-9A1E7A4F7556}") = "Bridge_桥接模式", "结构型\Bridge_桥接模式\Bridge_桥接模式.csproj", "{EB950444-E0A1-4B23-B43B-11DFC004B802}"
EndProject
Project("{9A19103F-16F7-4668-BE54-9A1E7A4F7556}") = "Adapter_适配器模式", "结构型\Adapter_适配器模式\Adapter_适配器模式.csproj", "{9A238AD4-F76E-4F1B-B41B-2754C96FE1B0}"
EndProject
Project("{9A19103F-16F7-4668-BE54-9A1E7A4F7556}") = "Builder_建造者模式", "创建型\Builder_建造者模式\Builder_建造者模式.csproj", "{74BA4B12-908B-45DD-B892-E8FDFCF5687B}"
EndProject
Project("{9A19103F-16F7-4668-BE54-9A1E7A4F7556}") = "Prototype_原型模式", "创建型\Prototype_原型模式\Prototype_原型模式.csproj", "{B4319B9B-9613-4AA4-A2D1-1C923125DC1C}"
EndProject
Project("{9A19103F-16F7-4668-BE54-9A1E7A4F7556}") = "Interpreter_解释器模式", "行为型\Interpreter_解释器模式\Interpreter_解释器模式.csproj", "{FCE2ECBC-CD3D-4508-9079-1448CFB65A7D}"
EndProject
Project("{9A19103F-16F7-4668-BE54-9A1E7A4F7556}") = "Command_命令模式", "行为型\Command_命令模式\Command_命令模式.csproj", "{615E485F-B8FC-4FA8-8A68-6D646FDF371D}"
EndProject
Project("{9A19103F-16F7-4668-BE54-9A1E7A4F7556}") = "Singleton_单例模式", "创建型\Singleton_单例模式\Singleton_单例模式.csproj", "{7EC026E2-2A35-421A-9837-166DF536FDC6}"
EndProject
Project("{9A19103F-16F7-4668-BE54-9A1E7A4F7556}") = "Composite_组合模式", "结构型\Composite_组合模式\Composite_组合模式.csproj", "{56CFA97C-6B7E-44BB-84E1-B65E0B1253DC}"
EndProject
Project("{9A19103F-16F7-4668-BE54-9A1E7A4F7556}") = "Facade_外观模式", "结构型\Facade_外观模式\Facade_外观模式.csproj", "{8E347FD3-EDA0-4423-8AB5-36E2970DCDF2}"
EndProject
Project("{9A19103F-16F7-4668-BE54-9A1E7A4F7556}") = "Decorator_装饰模式", "结构型\Decorator_装饰模式\Decorator_装饰模式.csproj", "{B18508B9-57A1-4D4A-B49F-99F5BB3DC144}"
EndProject
Project("{9A19103F-16F7-4668-BE54-9A1E7A4F7556}") = "Flyweight_享元模式", "结构型\Flyweight_享元模式\Flyweight_享元模式.csproj", "{488F7F19-F092-44D3-9796-F91EB70E683D}"
EndProject
Project("{9A19103F-16F7-4668-BE54-9A1E7A4F7556}") = "Proxy_代理模式", "结构型\Proxy_代理模式\Proxy_代理模式.csproj", "{2FD77C30-BD0C-4CDE-8B2B-ACB6B6F851DD}"
EndProject
Project("{9A19103F-16F7-4668-BE54-9A1E7A4F7556}") = "Template_模板方法模式", "行为型\Template_模板方法模式\Template_模板方法模式.csproj", "{670E0A66-2740-4EF5-8754-E7B188D9B4D0}"
EndProject
Project("{9A19103F-16F7-4668-BE54-9A1E7A4F7556}") = "Iterator_迭代器模式", "行为型\Iterator_迭代器模式\Iterator_迭代器模式.csproj", "{6183679C-9516-44CA-8FB8-61DB7449F054}"
EndProject
Project("{9A19103F-16F7-4668-BE54-9A1E7A4F7556}") = "Mediator_中介者模式", "行为型\Mediator_中介者模式\Mediator_中介者模式.csproj", "{9E564513-B5E8-4034-997C-D7C0FE197FC3}"
EndProject
Project("{9A19103F-16F7-4668-BE54-9A1E7A4F7556}") = "Memento_备忘录模式", "行为型\Memento_备忘录模式\Memento_备忘录模式.csproj", "{8ACE6B68-798C-4985-95D5-0E8D6D407F2A}"
EndProject
Project("{9A19103F-16F7-4668-BE54-9A1E7A4F7556}") = "Observe_观察者模式", "行为型\Observe_观察者模式\Observe_观察者模式.csproj", "{C0B17CE2-A5C7-4B31-AC58-577500E24947}"
EndProject
Project("{9A19103F-16F7-4668-BE54-9A1E7A4F7556}") = "State_状态模式", "行为型\State_状态模式\State_状态模式.csproj", "{CFF15AC7-513E-4099-8792-AE131659186A}"
EndProject
Project("{9A19103F-16F7-4668-BE54-9A1E7A4F7556}") = "Strategy_策略模式", "行为型\Strategy_策略模式\Strategy_策略模式.csproj", "{753B8C4D-E3B0-4DF0-997A-1163D2285961}"
EndProject
Project("{9A19103F-16F7-4668-BE54-9A1E7A4F7556}") = "Visitor_观察者模式", "行为型\Visitor_观察者模式\Visitor_观察者模式.csproj", "{9B167A30-42D5-44CE-AA04-23C79958B5E7}"
EndProject
Project("{9A19103F-16F7-4668-BE54-9A1E7A4F7556}") = "FilterPattern_过滤器模式", "结构型\FilterPattern_过滤器模式\FilterPattern_过滤器模式.csproj", "{576DA887-918E-4943-B1D1-C38A65B46240}"
EndProject
Project("{FAE04EC0-301F-11D3-BF4B-00C04F79EFBC}") = "ChainOfResponsibility_职责链模式", "行为型\ChainOfResponsibility_职责链模式\ChainOfResponsibility_职责链模式.csproj", "{8FECB162-E62A-4D10-BE4D-D50EC77974D3}"
EndProject
Global
	GlobalSection(SolutionConfigurationPlatforms) = preSolution
		Debug|Any CPU = Debug|Any CPU
		Release|Any CPU = Release|Any CPU
	EndGlobalSection
	GlobalSection(ProjectConfigurationPlatforms) = postSolution
		{B511283C-B34C-47AE-9145-0FC2F274B415}.Debug|Any CPU.ActiveCfg = Debug|Any CPU
		{B511283C-B34C-47AE-9145-0FC2F274B415}.Debug|Any CPU.Build.0 = Debug|Any CPU
		{B511283C-B34C-47AE-9145-0FC2F274B415}.Release|Any CPU.ActiveCfg = Release|Any CPU
		{B511283C-B34C-47AE-9145-0FC2F274B415}.Release|Any CPU.Build.0 = Release|Any CPU
		{E9F46A96-57AC-455E-9835-06EB6BCBED80}.Debug|Any CPU.ActiveCfg = Debug|Any CPU
		{E9F46A96-57AC-455E-9835-06EB6BCBED80}.Debug|Any CPU.Build.0 = Debug|Any CPU
		{E9F46A96-57AC-455E-9835-06EB6BCBED80}.Release|Any CPU.ActiveCfg = Release|Any CPU
		{E9F46A96-57AC-455E-9835-06EB6BCBED80}.Release|Any CPU.Build.0 = Release|Any CPU
		{A033DC43-6BAE-458F-8A59-A94B42C68EC5}.Debug|Any CPU.ActiveCfg = Debug|Any CPU
		{A033DC43-6BAE-458F-8A59-A94B42C68EC5}.Debug|Any CPU.Build.0 = Debug|Any CPU
		{A033DC43-6BAE-458F-8A59-A94B42C68EC5}.Release|Any CPU.ActiveCfg = Release|Any CPU
		{A033DC43-6BAE-458F-8A59-A94B42C68EC5}.Release|Any CPU.Build.0 = Release|Any CPU
		{EB950444-E0A1-4B23-B43B-11DFC004B802}.Debug|Any CPU.ActiveCfg = Debug|Any CPU
		{EB950444-E0A1-4B23-B43B-11DFC004B802}.Debug|Any CPU.Build.0 = Debug|Any CPU
		{EB950444-E0A1-4B23-B43B-11DFC004B802}.Release|Any CPU.ActiveCfg = Release|Any CPU
		{EB950444-E0A1-4B23-B43B-11DFC004B802}.Release|Any CPU.Build.0 = Release|Any CPU
		{9A238AD4-F76E-4F1B-B41B-2754C96FE1B0}.Debug|Any CPU.ActiveCfg = Debug|Any CPU
		{9A238AD4-F76E-4F1B-B41B-2754C96FE1B0}.Debug|Any CPU.Build.0 = Debug|Any CPU
		{9A238AD4-F76E-4F1B-B41B-2754C96FE1B0}.Release|Any CPU.ActiveCfg = Release|Any CPU
		{9A238AD4-F76E-4F1B-B41B-2754C96FE1B0}.Release|Any CPU.Build.0 = Release|Any CPU
		{74BA4B12-908B-45DD-B892-E8FDFCF5687B}.Debug|Any CPU.ActiveCfg = Debug|Any CPU
		{74BA4B12-908B-45DD-B892-E8FDFCF5687B}.Debug|Any CPU.Build.0 = Debug|Any CPU
		{74BA4B12-908B-45DD-B892-E8FDFCF5687B}.Release|Any CPU.ActiveCfg = Release|Any CPU
		{74BA4B12-908B-45DD-B892-E8FDFCF5687B}.Release|Any CPU.Build.0 = Release|Any CPU
		{B4319B9B-9613-4AA4-A2D1-1C923125DC1C}.Debug|Any CPU.ActiveCfg = Debug|Any CPU
		{B4319B9B-9613-4AA4-A2D1-1C923125DC1C}.Debug|Any CPU.Build.0 = Debug|Any CPU
		{B4319B9B-9613-4AA4-A2D1-1C923125DC1C}.Release|Any CPU.ActiveCfg = Release|Any CPU
		{B4319B9B-9613-4AA4-A2D1-1C923125DC1C}.Release|Any CPU.Build.0 = Release|Any CPU
		{FCE2ECBC-CD3D-4508-9079-1448CFB65A7D}.Debug|Any CPU.ActiveCfg = Debug|Any CPU
		{FCE2ECBC-CD3D-4508-9079-1448CFB65A7D}.Debug|Any CPU.Build.0 = Debug|Any CPU
		{FCE2ECBC-CD3D-4508-9079-1448CFB65A7D}.Release|Any CPU.ActiveCfg = Release|Any CPU
		{FCE2ECBC-CD3D-4508-9079-1448CFB65A7D}.Release|Any CPU.Build.0 = Release|Any CPU
		{615E485F-B8FC-4FA8-8A68-6D646FDF371D}.Debug|Any CPU.ActiveCfg = Debug|Any CPU
		{615E485F-B8FC-4FA8-8A68-6D646FDF371D}.Debug|Any CPU.Build.0 = Debug|Any CPU
		{615E485F-B8FC-4FA8-8A68-6D646FDF371D}.Release|Any CPU.ActiveCfg = Release|Any CPU
		{615E485F-B8FC-4FA8-8A68-6D646FDF371D}.Release|Any CPU.Build.0 = Release|Any CPU
		{7EC026E2-2A35-421A-9837-166DF536FDC6}.Debug|Any CPU.ActiveCfg = Debug|Any CPU
		{7EC026E2-2A35-421A-9837-166DF536FDC6}.Debug|Any CPU.Build.0 = Debug|Any CPU
		{7EC026E2-2A35-421A-9837-166DF536FDC6}.Release|Any CPU.ActiveCfg = Release|Any CPU
		{7EC026E2-2A35-421A-9837-166DF536FDC6}.Release|Any CPU.Build.0 = Release|Any CPU
		{56CFA97C-6B7E-44BB-84E1-B65E0B1253DC}.Debug|Any CPU.ActiveCfg = Debug|Any CPU
		{56CFA97C-6B7E-44BB-84E1-B65E0B1253DC}.Debug|Any CPU.Build.0 = Debug|Any CPU
		{56CFA97C-6B7E-44BB-84E1-B65E0B1253DC}.Release|Any CPU.ActiveCfg = Release|Any CPU
		{56CFA97C-6B7E-44BB-84E1-B65E0B1253DC}.Release|Any CPU.Build.0 = Release|Any CPU
		{8E347FD3-EDA0-4423-8AB5-36E2970DCDF2}.Debug|Any CPU.ActiveCfg = Debug|Any CPU
		{8E347FD3-EDA0-4423-8AB5-36E2970DCDF2}.Debug|Any CPU.Build.0 = Debug|Any CPU
		{8E347FD3-EDA0-4423-8AB5-36E2970DCDF2}.Release|Any CPU.ActiveCfg = Release|Any CPU
		{8E347FD3-EDA0-4423-8AB5-36E2970DCDF2}.Release|Any CPU.Build.0 = Release|Any CPU
		{B18508B9-57A1-4D4A-B49F-99F5BB3DC144}.Debug|Any CPU.ActiveCfg = Debug|Any CPU
		{B18508B9-57A1-4D4A-B49F-99F5BB3DC144}.Debug|Any CPU.Build.0 = Debug|Any CPU
		{B18508B9-57A1-4D4A-B49F-99F5BB3DC144}.Release|Any CPU.ActiveCfg = Release|Any CPU
		{B18508B9-57A1-4D4A-B49F-99F5BB3DC144}.Release|Any CPU.Build.0 = Release|Any CPU
		{488F7F19-F092-44D3-9796-F91EB70E683D}.Debug|Any CPU.ActiveCfg = Debug|Any CPU
		{488F7F19-F092-44D3-9796-F91EB70E683D}.Debug|Any CPU.Build.0 = Debug|Any CPU
		{488F7F19-F092-44D3-9796-F91EB70E683D}.Release|Any CPU.ActiveCfg = Release|Any CPU
		{488F7F19-F092-44D3-9796-F91EB70E683D}.Release|Any CPU.Build.0 = Release|Any CPU
		{2FD77C30-BD0C-4CDE-8B2B-ACB6B6F851DD}.Debug|Any CPU.ActiveCfg = Debug|Any CPU
		{2FD77C30-BD0C-4CDE-8B2B-ACB6B6F851DD}.Debug|Any CPU.Build.0 = Debug|Any CPU
		{2FD77C30-BD0C-4CDE-8B2B-ACB6B6F851DD}.Release|Any CPU.ActiveCfg = Release|Any CPU
		{2FD77C30-BD0C-4CDE-8B2B-ACB6B6F851DD}.Release|Any CPU.Build.0 = Release|Any CPU
		{670E0A66-2740-4EF5-8754-E7B188D9B4D0}.Debug|Any CPU.ActiveCfg = Debug|Any CPU
		{670E0A66-2740-4EF5-8754-E7B188D9B4D0}.Debug|Any CPU.Build.0 = Debug|Any CPU
		{670E0A66-2740-4EF5-8754-E7B188D9B4D0}.Release|Any CPU.ActiveCfg = Release|Any CPU
		{670E0A66-2740-4EF5-8754-E7B188D9B4D0}.Release|Any CPU.Build.0 = Release|Any CPU
		{6183679C-9516-44CA-8FB8-61DB7449F054}.Debug|Any CPU.ActiveCfg = Debug|Any CPU
		{6183679C-9516-44CA-8FB8-61DB7449F054}.Debug|Any CPU.Build.0 = Debug|Any CPU
		{6183679C-9516-44CA-8FB8-61DB7449F054}.Release|Any CPU.ActiveCfg = Release|Any CPU
		{6183679C-9516-44CA-8FB8-61DB7449F054}.Release|Any CPU.Build.0 = Release|Any CPU
		{9E564513-B5E8-4034-997C-D7C0FE197FC3}.Debug|Any CPU.ActiveCfg = Debug|Any CPU
		{9E564513-B5E8-4034-997C-D7C0FE197FC3}.Debug|Any CPU.Build.0 = Debug|Any CPU
		{9E564513-B5E8-4034-997C-D7C0FE197FC3}.Release|Any CPU.ActiveCfg = Release|Any CPU
		{9E564513-B5E8-4034-997C-D7C0FE197FC3}.Release|Any CPU.Build.0 = Release|Any CPU
		{8ACE6B68-798C-4985-95D5-0E8D6D407F2A}.Debug|Any CPU.ActiveCfg = Debug|Any CPU
		{8ACE6B68-798C-4985-95D5-0E8D6D407F2A}.Debug|Any CPU.Build.0 = Debug|Any CPU
		{8ACE6B68-798C-4985-95D5-0E8D6D407F2A}.Release|Any CPU.ActiveCfg = Release|Any CPU
		{8ACE6B68-798C-4985-95D5-0E8D6D407F2A}.Release|Any CPU.Build.0 = Release|Any CPU
		{C0B17CE2-A5C7-4B31-AC58-577500E24947}.Debug|Any CPU.ActiveCfg = Debug|Any CPU
		{C0B17CE2-A5C7-4B31-AC58-577500E24947}.Debug|Any CPU.Build.0 = Debug|Any CPU
		{C0B17CE2-A5C7-4B31-AC58-577500E24947}.Release|Any CPU.ActiveCfg = Release|Any CPU
		{C0B17CE2-A5C7-4B31-AC58-577500E24947}.Release|Any CPU.Build.0 = Release|Any CPU
		{CFF15AC7-513E-4099-8792-AE131659186A}.Debug|Any CPU.ActiveCfg = Debug|Any CPU
		{CFF15AC7-513E-4099-8792-AE131659186A}.Debug|Any CPU.Build.0 = Debug|Any CPU
		{CFF15AC7-513E-4099-8792-AE131659186A}.Release|Any CPU.ActiveCfg = Release|Any CPU
		{CFF15AC7-513E-4099-8792-AE131659186A}.Release|Any CPU.Build.0 = Release|Any CPU
		{753B8C4D-E3B0-4DF0-997A-1163D2285961}.Debug|Any CPU.ActiveCfg = Debug|Any CPU
		{753B8C4D-E3B0-4DF0-997A-1163D2285961}.Debug|Any CPU.Build.0 = Debug|Any CPU
		{753B8C4D-E3B0-4DF0-997A-1163D2285961}.Release|Any CPU.ActiveCfg = Release|Any CPU
		{753B8C4D-E3B0-4DF0-997A-1163D2285961}.Release|Any CPU.Build.0 = Release|Any CPU
		{9B167A30-42D5-44CE-AA04-23C79958B5E7}.Debug|Any CPU.ActiveCfg = Debug|Any CPU
		{9B167A30-42D5-44CE-AA04-23C79958B5E7}.Debug|Any CPU.Build.0 = Debug|Any CPU
		{9B167A30-42D5-44CE-AA04-23C79958B5E7}.Release|Any CPU.ActiveCfg = Release|Any CPU
		{9B167A30-42D5-44CE-AA04-23C79958B5E7}.Release|Any CPU.Build.0 = Release|Any CPU
		{576DA887-918E-4943-B1D1-C38A65B46240}.Debug|Any CPU.ActiveCfg = Debug|Any CPU
		{576DA887-918E-4943-B1D1-C38A65B46240}.Debug|Any CPU.Build.0 = Debug|Any CPU
		{576DA887-918E-4943-B1D1-C38A65B46240}.Release|Any CPU.ActiveCfg = Release|Any CPU
		{576DA887-918E-4943-B1D1-C38A65B46240}.Release|Any CPU.Build.0 = Release|Any CPU
		{8FECB162-E62A-4D10-BE4D-D50EC77974D3}.Debug|Any CPU.ActiveCfg = Debug|Any CPU
		{8FECB162-E62A-4D10-BE4D-D50EC77974D3}.Debug|Any CPU.Build.0 = Debug|Any CPU
		{8FECB162-E62A-4D10-BE4D-D50EC77974D3}.Release|Any CPU.ActiveCfg = Release|Any CPU
		{8FECB162-E62A-4D10-BE4D-D50EC77974D3}.Release|Any CPU.Build.0 = Release|Any CPU
	EndGlobalSection
	GlobalSection(SolutionProperties) = preSolution
		HideSolutionNode = FALSE
	EndGlobalSection
	GlobalSection(NestedProjects) = preSolution
		{E9F46A96-57AC-455E-9835-06EB6BCBED80} = {CF473D74-5F75-4CC1-B4A4-F2D1A7C73A88}
		{A033DC43-6BAE-458F-8A59-A94B42C68EC5} = {CF473D74-5F75-4CC1-B4A4-F2D1A7C73A88}
		{EB950444-E0A1-4B23-B43B-11DFC004B802} = {8556AB62-B183-49CC-8A3A-B5C34402D137}
		{9A238AD4-F76E-4F1B-B41B-2754C96FE1B0} = {8556AB62-B183-49CC-8A3A-B5C34402D137}
		{74BA4B12-908B-45DD-B892-E8FDFCF5687B} = {CF473D74-5F75-4CC1-B4A4-F2D1A7C73A88}
		{B4319B9B-9613-4AA4-A2D1-1C923125DC1C} = {CF473D74-5F75-4CC1-B4A4-F2D1A7C73A88}
		{FCE2ECBC-CD3D-4508-9079-1448CFB65A7D} = {B90CC680-2D08-4DDF-880E-5266B50C5102}
		{615E485F-B8FC-4FA8-8A68-6D646FDF371D} = {B90CC680-2D08-4DDF-880E-5266B50C5102}
		{7EC026E2-2A35-421A-9837-166DF536FDC6} = {CF473D74-5F75-4CC1-B4A4-F2D1A7C73A88}
		{56CFA97C-6B7E-44BB-84E1-B65E0B1253DC} = {8556AB62-B183-49CC-8A3A-B5C34402D137}
		{8E347FD3-EDA0-4423-8AB5-36E2970DCDF2} = {8556AB62-B183-49CC-8A3A-B5C34402D137}
		{B18508B9-57A1-4D4A-B49F-99F5BB3DC144} = {8556AB62-B183-49CC-8A3A-B5C34402D137}
		{488F7F19-F092-44D3-9796-F91EB70E683D} = {8556AB62-B183-49CC-8A3A-B5C34402D137}
		{2FD77C30-BD0C-4CDE-8B2B-ACB6B6F851DD} = {8556AB62-B183-49CC-8A3A-B5C34402D137}
		{670E0A66-2740-4EF5-8754-E7B188D9B4D0} = {B90CC680-2D08-4DDF-880E-5266B50C5102}
		{6183679C-9516-44CA-8FB8-61DB7449F054} = {B90CC680-2D08-4DDF-880E-5266B50C5102}
		{9E564513-B5E8-4034-997C-D7C0FE197FC3} = {B90CC680-2D08-4DDF-880E-5266B50C5102}
		{8ACE6B68-798C-4985-95D5-0E8D6D407F2A} = {B90CC680-2D08-4DDF-880E-5266B50C5102}
		{C0B17CE2-A5C7-4B31-AC58-577500E24947} = {B90CC680-2D08-4DDF-880E-5266B50C5102}
		{CFF15AC7-513E-4099-8792-AE131659186A} = {B90CC680-2D08-4DDF-880E-5266B50C5102}
		{753B8C4D-E3B0-4DF0-997A-1163D2285961} = {B90CC680-2D08-4DDF-880E-5266B50C5102}
		{9B167A30-42D5-44CE-AA04-23C79958B5E7} = {B90CC680-2D08-4DDF-880E-5266B50C5102}
		{576DA887-918E-4943-B1D1-C38A65B46240} = {8556AB62-B183-49CC-8A3A-B5C34402D137}
		{8FECB162-E62A-4D10-BE4D-D50EC77974D3} = {B90CC680-2D08-4DDF-880E-5266B50C5102}
	EndGlobalSection
	GlobalSection(ExtensibilityGlobals) = postSolution
		SolutionGuid = {26BCB0A6-C2B1-466B-9825-0D25B29A5571}
	EndGlobalSection
EndGlobal
